
Microsoft Visual Studio Solution File, Format Version 9.00
# Visual Studio 2005
Project("{8BC9CEB8-8B4A-11D0-8D11-00A0C91BC942}") = "ri7net", "projects\ri7net.vcproj", "{9DB661A2-1C36-4FC5-BA82-15E0E2B6724D}"
EndProject
Project("{2150E333-8FDC-42A3-9474-1A3956D46DE8}") = "Examples", "Examples", "{41D551A6-48C7-4FF2-917C-4D5624C5368F}"
EndProject
Project("{2150E333-8FDC-42A3-9474-1A3956D46DE8}") = "ri7net", "ri7net", "{77BF298D-B1D8-4B43-AF3E-D7B1A8D7036D}"
EndProject
Project("{2150E333-8FDC-42A3-9474-1A3956D46DE8}") = "ri7graphics", "ri7graphics", "{DA7B03A2-4C93-4014-A4A6-F9F789AFB34C}"
EndProject
Project("{8BC9CEB8-8B4A-11D0-8D11-00A0C91BC942}") = "Example01", "projects\examples\ri7graphics\Example01.vcproj", "{6D644AC6-A9AF-414A-8A9C-2AAFAAAED3FE}"
	ProjectSection(ProjectDependencies) = postProject
		{7252262F-2688-4385-A640-93401556B016} = {7252262F-2688-4385-A640-93401556B016}
	EndProjectSection
EndProject
Project("{8BC9CEB8-8B4A-11D0-8D11-00A0C91BC942}") = "cliente", "projects\examples\ri7net\client.vcproj", "{55B4DA96-B142-43FC-B200-9560E65F4E8E}"
EndProject
Project("{8BC9CEB8-8B4A-11D0-8D11-00A0C91BC942}") = "server", "projects\examples\ri7net\server.vcproj", "{C7DFFE5B-80DB-4F21-BEE5-02136CAE7EDC}"
EndProject
Project("{8BC9CEB8-8B4A-11D0-8D11-00A0C91BC942}") = "ri7graphics", "projects\ri7graphics.vcproj", "{7252262F-2688-4385-A640-93401556B016}"
EndProject
Project("{2150E333-8FDC-42A3-9474-1A3956D46DE8}") = "ri7engine", "ri7engine", "{13ED6C3F-5E3E-47B0-8527-D698D524799F}"
EndProject
Project("{8BC9CEB8-8B4A-11D0-8D11-00A0C91BC942}") = "Pong1", "projects\examples\ri7engine\Pong1.vcproj", "{10C99B26-4B98-4F4A-B605-EBEE468F76FF}"
	ProjectSection(ProjectDependencies) = postProject
		{7252262F-2688-4385-A640-93401556B016} = {7252262F-2688-4385-A640-93401556B016}
	EndProjectSection
EndProject
Project("{8BC9CEB8-8B4A-11D0-8D11-00A0C91BC942}") = "ri7database", "projects\ri7database.vcproj", "{C443F36D-3946-46D6-8267-5D4A5F666755}"
EndProject
Project("{2150E333-8FDC-42A3-9474-1A3956D46DE8}") = "ri7database", "ri7database", "{9CD760DD-391B-48A7-87D6-5BD7D36A5E77}"
EndProject
Project("{8BC9CEB8-8B4A-11D0-8D11-00A0C91BC942}") = "ExampleDatabase", "projects\examples\ri7database\ExampleDatabase.vcproj", "{1CADCAAF-E0D8-41CD-944F-DFB8A9C62415}"
	ProjectSection(ProjectDependencies) = postProject
		{C443F36D-3946-46D6-8267-5D4A5F666755} = {C443F36D-3946-46D6-8267-5D4A5F666755}
	EndProjectSection
EndProject
Global
	GlobalSection(SolutionConfigurationPlatforms) = preSolution
		Debug|Win32 = Debug|Win32
		Release|Win32 = Release|Win32
	EndGlobalSection
	GlobalSection(ProjectConfigurationPlatforms) = postSolution
		{9DB661A2-1C36-4FC5-BA82-15E0E2B6724D}.Debug|Win32.ActiveCfg = Debug|Win32
		{9DB661A2-1C36-4FC5-BA82-15E0E2B6724D}.Debug|Win32.Build.0 = Debug|Win32
		{9DB661A2-1C36-4FC5-BA82-15E0E2B6724D}.Release|Win32.ActiveCfg = Release|Win32
		{9DB661A2-1C36-4FC5-BA82-15E0E2B6724D}.Release|Win32.Build.0 = Release|Win32
		{6D644AC6-A9AF-414A-8A9C-2AAFAAAED3FE}.Debug|Win32.ActiveCfg = Debug|Win32
		{6D644AC6-A9AF-414A-8A9C-2AAFAAAED3FE}.Debug|Win32.Build.0 = Debug|Win32
		{6D644AC6-A9AF-414A-8A9C-2AAFAAAED3FE}.Release|Win32.ActiveCfg = Release|Win32
		{6D644AC6-A9AF-414A-8A9C-2AAFAAAED3FE}.Release|Win32.Build.0 = Release|Win32
		{55B4DA96-B142-43FC-B200-9560E65F4E8E}.Debug|Win32.ActiveCfg = Debug|Win32
		{55B4DA96-B142-43FC-B200-9560E65F4E8E}.Debug|Win32.Build.0 = Debug|Win32
		{55B4DA96-B142-43FC-B200-9560E65F4E8E}.Release|Win32.ActiveCfg = Release|Win32
		{55B4DA96-B142-43FC-B200-9560E65F4E8E}.Release|Win32.Build.0 = Release|Win32
		{C7DFFE5B-80DB-4F21-BEE5-02136CAE7EDC}.Debug|Win32.ActiveCfg = Debug|Win32
		{C7DFFE5B-80DB-4F21-BEE5-02136CAE7EDC}.Debug|Win32.Build.0 = Debug|Win32
		{C7DFFE5B-80DB-4F21-BEE5-02136CAE7EDC}.Release|Win32.ActiveCfg = Release|Win32
		{C7DFFE5B-80DB-4F21-BEE5-02136CAE7EDC}.Release|Win32.Build.0 = Release|Win32
		{7252262F-2688-4385-A640-93401556B016}.Debug|Win32.ActiveCfg = Debug|Win32
		{7252262F-2688-4385-A640-93401556B016}.Debug|Win32.Build.0 = Debug|Win32
		{7252262F-2688-4385-A640-93401556B016}.Release|Win32.ActiveCfg = Release|Win32
		{7252262F-2688-4385-A640-93401556B016}.Release|Win32.Build.0 = Release|Win32
		{10C99B26-4B98-4F4A-B605-EBEE468F76FF}.Debug|Win32.ActiveCfg = Debug|Win32
		{10C99B26-4B98-4F4A-B605-EBEE468F76FF}.Debug|Win32.Build.0 = Debug|Win32
		{10C99B26-4B98-4F4A-B605-EBEE468F76FF}.Release|Win32.ActiveCfg = Release|Win32
		{10C99B26-4B98-4F4A-B605-EBEE468F76FF}.Release|Win32.Build.0 = Release|Win32
		{C443F36D-3946-46D6-8267-5D4A5F666755}.Debug|Win32.ActiveCfg = Debug|Win32
		{C443F36D-3946-46D6-8267-5D4A5F666755}.Debug|Win32.Build.0 = Debug|Win32
		{C443F36D-3946-46D6-8267-5D4A5F666755}.Release|Win32.ActiveCfg = Release|Win32
		{C443F36D-3946-46D6-8267-5D4A5F666755}.Release|Win32.Build.0 = Release|Win32
		{1CADCAAF-E0D8-41CD-944F-DFB8A9C62415}.Debug|Win32.ActiveCfg = Debug|Win32
		{1CADCAAF-E0D8-41CD-944F-DFB8A9C62415}.Debug|Win32.Build.0 = Debug|Win32
		{1CADCAAF-E0D8-41CD-944F-DFB8A9C62415}.Release|Win32.ActiveCfg = Release|Win32
		{1CADCAAF-E0D8-41CD-944F-DFB8A9C62415}.Release|Win32.Build.0 = Release|Win32
	EndGlobalSection
	GlobalSection(SolutionProperties) = preSolution
		HideSolutionNode = FALSE
	EndGlobalSection
	GlobalSection(NestedProjects) = preSolution
		{77BF298D-B1D8-4B43-AF3E-D7B1A8D7036D} = {41D551A6-48C7-4FF2-917C-4D5624C5368F}
		{DA7B03A2-4C93-4014-A4A6-F9F789AFB34C} = {41D551A6-48C7-4FF2-917C-4D5624C5368F}
		{13ED6C3F-5E3E-47B0-8527-D698D524799F} = {41D551A6-48C7-4FF2-917C-4D5624C5368F}
		{9CD760DD-391B-48A7-87D6-5BD7D36A5E77} = {41D551A6-48C7-4FF2-917C-4D5624C5368F}
		{55B4DA96-B142-43FC-B200-9560E65F4E8E} = {77BF298D-B1D8-4B43-AF3E-D7B1A8D7036D}
		{C7DFFE5B-80DB-4F21-BEE5-02136CAE7EDC} = {77BF298D-B1D8-4B43-AF3E-D7B1A8D7036D}
		{6D644AC6-A9AF-414A-8A9C-2AAFAAAED3FE} = {DA7B03A2-4C93-4014-A4A6-F9F789AFB34C}
		{10C99B26-4B98-4F4A-B605-EBEE468F76FF} = {13ED6C3F-5E3E-47B0-8527-D698D524799F}
		{1CADCAAF-E0D8-41CD-944F-DFB8A9C62415} = {9CD760DD-391B-48A7-87D6-5BD7D36A5E77}
	EndGlobalSection
EndGlobal
